
Microsoft Visual Studio Solution File, Format Version 12.00
# Visual Studio 14
VisualStudioVersion = 14.0.25420.1
MinimumVisualStudioVersion = 10.0.40219.1
Project("{2150E333-8FDC-42A3-9474-1A3956D46DE8}") = "Logica", "Logica", "{7642DD34-B5E0-4387-B78A-BC07ADDD98E4}"
EndProject
Project("{2150E333-8FDC-42A3-9474-1A3956D46DE8}") = "Presentacion", "Presentacion", "{7F52638B-1FD9-4024-AC18-0F924CED57C4}"
EndProject
Project("{FAE04EC0-301F-11D3-BF4B-00C04F79EFBC}") = "Logica", "Logica\Logica.csproj", "{72817EC5-0938-449A-8D44-7EA510E70E59}"
EndProject
Project("{FAE04EC0-301F-11D3-BF4B-00C04F79EFBC}") = "Presentacion", "Presentacion\Presentacion.csproj", "{6BC51424-E87E-4AC9-9CE6-BE7F4B58F4FA}"
EndProject
Global
	GlobalSection(SolutionConfigurationPlatforms) = preSolution
		Debug|Any CPU = Debug|Any CPU
		Release|Any CPU = Release|Any CPU
	EndGlobalSection
	GlobalSection(ProjectConfigurationPlatforms) = postSolution
		{72817EC5-0938-449A-8D44-7EA510E70E59}.Debug|Any CPU.ActiveCfg = Debug|Any CPU
		{72817EC5-0938-449A-8D44-7EA510E70E59}.Debug|Any CPU.Build.0 = Debug|Any CPU
		{72817EC5-0938-449A-8D44-7EA510E70E59}.Release|Any CPU.ActiveCfg = Release|Any CPU
		{72817EC5-0938-449A-8D44-7EA510E70E59}.Release|Any CPU.Build.0 = Release|Any CPU
		{6BC51424-E87E-4AC9-9CE6-BE7F4B58F4FA}.Debug|Any CPU.ActiveCfg = Debug|Any CPU
		{6BC51424-E87E-4AC9-9CE6-BE7F4B58F4FA}.Debug|Any CPU.Build.0 = Debug|Any CPU
		{6BC51424-E87E-4AC9-9CE6-BE7F4B58F4FA}.Release|Any CPU.ActiveCfg = Release|Any CPU
		{6BC51424-E87E-4AC9-9CE6-BE7F4B58F4FA}.Release|Any CPU.Build.0 = Release|Any CPU
	EndGlobalSection
	GlobalSection(SolutionProperties) = preSolution
		HideSolutionNode = FALSE
	EndGlobalSection
	GlobalSection(NestedProjects) = preSolution
		{72817EC5-0938-449A-8D44-7EA510E70E59} = {7642DD34-B5E0-4387-B78A-BC07ADDD98E4}
		{6BC51424-E87E-4AC9-9CE6-BE7F4B58F4FA} = {7F52638B-1FD9-4024-AC18-0F924CED57C4}
	EndGlobalSection
EndGlobal
